Microsoft Visual Studio Solution File, Format Version 12.00
# Visual Studio Version 17
VisualStudioVersion = 17.5.2.0
MinimumVisualStudioVersion = 10.0.40219.1
Project("{FAE04EC0-301F-11D3-BF4B-00C04F79EFBC}") = "GameStoreProject", "GameStoreProject.csproj", "{D2EC09AC-C437-9209-3A7F-E31D427249DE}"
EndProject
Project("{FAE04EC0-301F-11D3-BF4B-00C04F79EFBC}") = "GameStore2", "..\gameproject\GameStore2\GameStore2.csproj", "{CDDA80D9-8FAD-41B4-9894-B8E36EBA4056}"
EndProject
Global
	GlobalSection(SolutionConfigurationPlatforms) = preSolution
		Debug|Any CPU = Debug|Any CPU
		Release|Any CPU = Release|Any CPU
	EndGlobalSection
	GlobalSection(ProjectConfigurationPlatforms) = postSolution
		{D2EC09AC-C437-9209-3A7F-E31D427249DE}.Debug|Any CPU.ActiveCfg = Debug|Any CPU
		{D2EC09AC-C437-9209-3A7F-E31D427249DE}.Debug|Any CPU.Build.0 = Debug|Any CPU
		{D2EC09AC-C437-9209-3A7F-E31D427249DE}.Release|Any CPU.ActiveCfg = Release|Any CPU
		{D2EC09AC-C437-9209-3A7F-E31D427249DE}.Release|Any CPU.Build.0 = Release|Any CPU
		{CDDA80D9-8FAD-41B4-9894-B8E36EBA4056}.Debug|Any CPU.ActiveCfg = Debug|Any CPU
		{CDDA80D9-8FAD-41B4-9894-B8E36EBA4056}.Debug|Any CPU.Build.0 = Debug|Any CPU
		{CDDA80D9-8FAD-41B4-9894-B8E36EBA4056}.Release|Any CPU.ActiveCfg = Release|Any CPU
		{CDDA80D9-8FAD-41B4-9894-B8E36EBA4056}.Release|Any CPU.Build.0 = Release|Any CPU
	EndGlobalSection
	GlobalSection(SolutionProperties) = preSolution
		HideSolutionNode = FALSE
	EndGlobalSection
	GlobalSection(ExtensibilityGlobals) = postSolution
		SolutionGuid = {26AB7A14-6ACF-409D-9B1F-9005CED2BED8}
	EndGlobalSection
EndGlobal
